{
  "nodes": {
    "elm-forbid-import": {
      "flake": false,
      "locked": {
        "lastModified": 1653575199,
        "narHash": "sha256-TxqXxNwMrqMnWFNyFIf6JboPyTRK/zSNcSBUfeyPUqo=",
        "ref": "refs/heads/main",
        "rev": "f5d5dc93bb68a58aaa922ba588c94941845e0941",
        "revCount": 142,
        "type": "git",
        "url": "https://git.bytes.zone/brian/elm-forbid-import.git"
      },
      "original": {
        "type": "git",
        "url": "https://git.bytes.zone/brian/elm-forbid-import.git"
      }
    },
    "flake-utils": {
      "inputs": {
        "systems": "systems"
      },
      "locked": {
        "lastModified": 1685518550,
        "narHash": "sha256-o2d0KcvaXzTrPRIo0kOLV0/QXHhDQ5DTi+OxcjO8xqY=",
        "owner": "numtide",
        "repo": "flake-utils",
        "rev": "a1720a10a6cfe8234c0e93907ffe81be440f4cef",
        "type": "github"
      },
      "original": {
        "owner": "numtide",
        "repo": "flake-utils",
        "type": "github"
      }
    },
    "nixpkgs": {
      "locked": {
        "lastModified": 1686519857,
        "narHash": "sha256-VkBhuq67aXXiCoEmicziuDLUPPjeOTLQoj6OeVai5zM=",
        "owner": "NixOS",
        "repo": "nixpkgs",
        "rev": "6b1b72c0f887a478a5aac355674ff6df0fc44f44",
        "type": "github"
      },
      "original": {
        "owner": "NixOS",
        "ref": "nixpkgs-unstable",
        "repo": "nixpkgs",
        "type": "github"
      }
    },
    "root": {
      "inputs": {
        "elm-forbid-import": "elm-forbid-import",
        "flake-utils": "flake-utils",
        "nixpkgs": "nixpkgs"
      }
    },
    "systems": {
      "locked": {
        "lastModified": 1681028828,
        "narHash": "sha256-Vy1rq5AaRuLzOxct8nz4T6wlgyUR7zLU309k9mBC768=",
        "owner": "nix-systems",
        "repo": "default",
        "rev": "da67096a3b9bf56a91d16901293e51ba5b49a27e",
        "type": "github"
      },
      "original": {
        "owner": "nix-systems",
        "repo": "default",
        "type": "github"
      }
    }
  },
  "root": "root",
  "version": 7
}
